
Microsoft Visual Studio Solution File, Format Version 12.00
# Visual Studio Version 17
VisualStudioVersion = 17.1.32210.238
MinimumVisualStudioVersion = 10.0.40219.1
Project("{FAE04EC0-301F-11D3-BF4B-00C04F79EFBC}") = "Herencia", "Herencia\Herencia.csproj", "{209BA510-247C-40DE-BF12-4DB2BA22F843}"
EndProject
Project("{FAE04EC0-301F-11D3-BF4B-00C04F79EFBC}") = "HerenciaNet", "HerenciaNet\HerenciaNet.csproj", "{8F0A3DC7-01A6-4ACF-B028-AFF036B20A1E}"
EndProject
Global
	GlobalSection(SolutionConfigurationPlatforms) = preSolution
		Debug|Any CPU = Debug|Any CPU
		Release|Any CPU = Release|Any CPU
	EndGlobalSection
	GlobalSection(ProjectConfigurationPlatforms) = postSolution
		{209BA510-247C-40DE-BF12-4DB2BA22F843}.Debug|Any CPU.ActiveCfg = Debug|Any CPU
		{209BA510-247C-40DE-BF12-4DB2BA22F843}.Debug|Any CPU.Build.0 = Debug|Any CPU
		{209BA510-247C-40DE-BF12-4DB2BA22F843}.Release|Any CPU.ActiveCfg = Release|Any CPU
		{209BA510-247C-40DE-BF12-4DB2BA22F843}.Release|Any CPU.Build.0 = Release|Any CPU
		{8F0A3DC7-01A6-4ACF-B028-AFF036B20A1E}.Debug|Any CPU.ActiveCfg = Debug|Any CPU
		{8F0A3DC7-01A6-4ACF-B028-AFF036B20A1E}.Debug|Any CPU.Build.0 = Debug|Any CPU
		{8F0A3DC7-01A6-4ACF-B028-AFF036B20A1E}.Release|Any CPU.ActiveCfg = Release|Any CPU
		{8F0A3DC7-01A6-4ACF-B028-AFF036B20A1E}.Release|Any CPU.Build.0 = Release|Any CPU
	EndGlobalSection
	GlobalSection(SolutionProperties) = preSolution
		HideSolutionNode = FALSE
	EndGlobalSection
	GlobalSection(ExtensibilityGlobals) = postSolution
		SolutionGuid = {798E08A9-F265-429F-86ED-656606D26043}
	EndGlobalSection
EndGlobal
